{"version":4,"terraform_version":"1.11.6","serial":1,"lineage":"b69b593c-2eaa-ecda-ffeb-d49ffe1b0506","outputs":{},"resources":[{"mode":"managed","type":"local_file","name":"public_key","provider":"provider[\"registry.opentofu.org/hashicorp/local\"]","instances":[{"schema_version":0,"attributes":{"content":"ssh-ed25519 AAAAC3NzaC1lZDI1NTE5AAAAIIYLoOiQU4lCH+u0rKjbTGOT9dHqeXXS6XdkV+KzSlqK\n","content_base64":null,"content_base64sha256":"0CFZrtpeFrJQQM0hRWO/TCd4ZZ+i7SzbvdYdAD8trds=","content_base64sha512":"N/+XBpQ0+/UjKB4Acl5ahf7ZUyvbmWU8wIM9yigVKn2m6PHGPRIf3kHqXJx+lg+K3ysMU8XnrZEzWugRzl9V2w==","content_md5":"4b1a5e931b9064774923d3165e78e39f","content_sha1":"21568a5e4cd6c674aaf3cb69a1ded11244e4ab01","content_sha256":"d02159aeda5e16b25040cd214563bf4c2778659fa2ed2cdbbdd61d003f2daddb","content_sha512":"37ff97069434fbf523281e00725e5a85fed9532bdb99653cc0833dca28152a7da6e8f1c63d121fde41ea5c9c7e960f8adf2b0c53c5e7ad91335ae811ce5f55db","directory_permission":"0777","file_permission":"0777","filename":"C:\\Users\\medik\\Documents\\ssh\\test_id_ed25519.pub","id":"21568a5e4cd6c674aaf3cb69a1ded11244e4ab01","sensitive_content":null,"source":null},"sensitive_attributes":[[{"type":"get_attr","value":"sensitive_content"}]],"dependencies":["tls_private_key.vm_ssh_key"]}]},{"mode":"managed","type":"local_sensitive_file","name":"private_key","provider":"provider[\"registry.opentofu.org/hashicorp/local\"]","instances":[{"schema_version":0,"attributes":{"content":"-----BEGIN OPENSSH PRIVATE KEY-----\nb3BlbnNzaC1rZXktdjEAAAAABG5vbmUAAAAEbm9uZQAAAAAAAAABAAAAMwAAAAtz\nc2gtZWQyNTUxOQAAACCGC6DokFOJQh/rtKyo20xjk/XR6nl10ul3ZFfis0paigAA\nAIihl2UmoZdlJgAAAAtzc2gtZWQyNTUxOQAAACCGC6DokFOJQh/rtKyo20xjk/XR\n6nl10ul3ZFfis0paigAAAEAWDfjLVS4YmJE2qX15s9IYgomr4V30UtihI+XahpH8\nDoYLoOiQU4lCH+u0rKjbTGOT9dHqeXXS6XdkV+KzSlqKAAAAAAECAwQF\n-----END OPENSSH PRIVATE KEY-----\n","content_base64":null,"content_base64sha256":"qwnL0MBEyQD3JGyx1B2Spi/+09G0GDsHvX4oJrVCDSI=","content_base64sha512":"14WnsPNaS5C+XxUTXzNo2vL4/tk6AHsJyDf6GuO21PkFeDwaFLTrzouA4DmJkLjYdLgrv6owPifFZ8R3BYWJdA==","content_md5":"c7e4061066b5d1896fe3b58adbf9039d","content_sha1":"74300cd5567c7b587a889bd95fe7c2eca9b74e48","content_sha256":"ab09cbd0c044c900f7246cb1d41d92a62ffed3d1b4183b07bd7e2826b5420d22","content_sha512":"d785a7b0f35a4b90be5f15135f3368daf2f8fed93a007b09c837fa1ae3b6d4f905783c1a14b4ebce8b80e0398990b8d874b82bbfaa303e27c567c47705858974","directory_permission":"0700","file_permission":"0600","filename":"C:\\Users\\medik\\Documents\\ssh\\test_id_ed25519","id":"74300cd5567c7b587a889bd95fe7c2eca9b74e48","source":null},"sensitive_attributes":[[{"type":"get_attr","value":"content"}],[{"type":"get_attr","value":"content_base64"}]],"dependencies":["tls_private_key.vm_ssh_key"]}]},{"mode":"managed","type":"tls_private_key","name":"vm_ssh_key","provider":"provider[\"registry.opentofu.org/hashicorp/tls\"]","instances":[{"schema_version":1,"attributes":{"algorithm":"ED25519","ecdsa_curve":"P224","id":"415f05dd38423cede92aaf153a591ba00ccf4f75","private_key_openssh":"-----BEGIN OPENSSH PRIVATE KEY-----\nb3BlbnNzaC1rZXktdjEAAAAABG5vbmUAAAAEbm9uZQAAAAAAAAABAAAAMwAAAAtz\nc2gtZWQyNTUxOQAAACCGC6DokFOJQh/rtKyo20xjk/XR6nl10ul3ZFfis0paigAA\nAIihl2UmoZdlJgAAAAtzc2gtZWQyNTUxOQAAACCGC6DokFOJQh/rtKyo20xjk/XR\n6nl10ul3ZFfis0paigAAAEAWDfjLVS4YmJE2qX15s9IYgomr4V30UtihI+XahpH8\nDoYLoOiQU4lCH+u0rKjbTGOT9dHqeXXS6XdkV+KzSlqKAAAAAAECAwQF\n-----END OPENSSH PRIVATE KEY-----\n","private_key_pem":"-----BEGIN PRIVATE KEY-----\nMC4CAQAwBQYDK2VwBCIEIBYN+MtVLhiYkTapfXmz0hiCiavhXfRS2KEj5dqGkfwO\n-----END PRIVATE KEY-----\n","private_key_pem_pkcs8":"-----BEGIN PRIVATE KEY-----\nMC4CAQAwBQYDK2VwBCIEIBYN+MtVLhiYkTapfXmz0hiCiavhXfRS2KEj5dqGkfwO\n-----END PRIVATE KEY-----\n","public_key_fingerprint_md5":"13:ee:66:5c:23:4d:16:e7:be:e5:40:5f:d2:29:7d:72","public_key_fingerprint_sha256":"SHA256:heMNat/B/mQwIVJPdBF/ERTqqg3PcyLPST1k9+szsnI","public_key_openssh":"ssh-ed25519 AAAAC3NzaC1lZDI1NTE5AAAAIIYLoOiQU4lCH+u0rKjbTGOT9dHqeXXS6XdkV+KzSlqK\n","public_key_pem":"-----BEGIN PUBLIC KEY-----\nMCowBQYDK2VwAyEAhgug6JBTiUIf67SsqNtMY5P10ep5ddLpd2RX4rNKWoo=\n-----END PUBLIC KEY-----\n","rsa_bits":2048},"sensitive_attributes":[[{"type":"get_attr","value":"private_key_openssh"}],[{"type":"get_attr","value":"private_key_pem"}],[{"type":"get_attr","value":"private_key_pem_pkcs8"}]]}]}],"check_results":null}
